
Microsoft Visual Studio Solution File, Format Version 12.00
# Visual Studio 14
VisualStudioVersion = 14.0.25420.1
MinimumVisualStudioVersion = 10.0.40219.1
Project("{8BC9CEB8-8B4A-11D0-8D11-00A0C91BC942}") = "Engine", "Engine\Engine.vcxproj", "{4488212C-9C42-4F09-8D21-4AC414118AB6}"
EndProject
Project("{2150E333-8FDC-42A3-9474-1A3956D46DE8}") = "Games", "Games", "{7A074D20-54E7-4525-87D1-EEF5F8BCD033}"
EndProject
Project("{8BC9CEB8-8B4A-11D0-8D11-00A0C91BC942}") = "Arkanoid", "Games\Arkanoid\Arkanoid.vcxproj", "{8D07E041-A1A1-4734-B6B3-0DD9829FBE44}"
	ProjectSection(ProjectDependencies) = postProject
		{4488212C-9C42-4F09-8D21-4AC414118AB6} = {4488212C-9C42-4F09-8D21-4AC414118AB6}
	EndProjectSection
EndProject
Project("{2150E333-8FDC-42A3-9474-1A3956D46DE8}") = "Demo", "Demo", "{3994829D-284B-4189-9B3C-012BFB84A224}"
EndProject
Project("{2150E333-8FDC-42A3-9474-1A3956D46DE8}") = "Tests", "Tests", "{D61F3BD9-BF13-46F2-AC53-A30397F055F4}"
EndProject
Project("{8BC9CEB8-8B4A-11D0-8D11-00A0C91BC942}") = "ConsoleTestFixture", "Tests\ConsoleTestFixture\ConsoleTestFixture.vcxproj", "{4348D52B-AFFA-4CAE-ABD6-629DFE74F707}"
EndProject
Project("{8BC9CEB8-8B4A-11D0-8D11-00A0C91BC942}") = "RnDProject", "RnDProject\RnDProject.vcxproj", "{89D756B0-B7F8-42D0-BC96-3D1193AF87DD}"
EndProject
Project("{8BC9CEB8-8B4A-11D0-8D11-00A0C91BC942}") = "Spaceship", "Demo\Spaceship\Spaceship.vcxproj", "{60E45867-B09F-4F7D-982D-4A86C6466D46}"
EndProject
Project("{8BC9CEB8-8B4A-11D0-8D11-00A0C91BC942}") = "RenderingTestFixture", "Tests\RenderingTestFixture\RenderingTestFixture.vcxproj", "{EEAA03CB-5A42-4210-85B5-FDCE3D88BA70}"
EndProject
Global
	GlobalSection(SolutionConfigurationPlatforms) = preSolution
		Debug|x64 = Debug|x64
		Debug|x86 = Debug|x86
		Release|x64 = Release|x64
		Release|x86 = Release|x86
	EndGlobalSection
	GlobalSection(ProjectConfigurationPlatforms) = postSolution
		{4488212C-9C42-4F09-8D21-4AC414118AB6}.Debug|x64.ActiveCfg = Debug|Win32
		{4488212C-9C42-4F09-8D21-4AC414118AB6}.Debug|x64.Build.0 = Debug|Win32
		{4488212C-9C42-4F09-8D21-4AC414118AB6}.Debug|x86.ActiveCfg = Debug|Win32
		{4488212C-9C42-4F09-8D21-4AC414118AB6}.Debug|x86.Build.0 = Debug|Win32
		{4488212C-9C42-4F09-8D21-4AC414118AB6}.Release|x64.ActiveCfg = Release|x64
		{4488212C-9C42-4F09-8D21-4AC414118AB6}.Release|x64.Build.0 = Release|x64
		{4488212C-9C42-4F09-8D21-4AC414118AB6}.Release|x86.ActiveCfg = Release|Win32
		{4488212C-9C42-4F09-8D21-4AC414118AB6}.Release|x86.Build.0 = Release|Win32
		{8D07E041-A1A1-4734-B6B3-0DD9829FBE44}.Debug|x64.ActiveCfg = Debug|Win32
		{8D07E041-A1A1-4734-B6B3-0DD9829FBE44}.Debug|x64.Build.0 = Debug|Win32
		{8D07E041-A1A1-4734-B6B3-0DD9829FBE44}.Debug|x86.ActiveCfg = Debug|Win32
		{8D07E041-A1A1-4734-B6B3-0DD9829FBE44}.Debug|x86.Build.0 = Debug|Win32
		{8D07E041-A1A1-4734-B6B3-0DD9829FBE44}.Release|x64.ActiveCfg = Release|x64
		{8D07E041-A1A1-4734-B6B3-0DD9829FBE44}.Release|x64.Build.0 = Release|x64
		{8D07E041-A1A1-4734-B6B3-0DD9829FBE44}.Release|x86.ActiveCfg = Release|Win32
		{8D07E041-A1A1-4734-B6B3-0DD9829FBE44}.Release|x86.Build.0 = Release|Win32
		{4348D52B-AFFA-4CAE-ABD6-629DFE74F707}.Debug|x64.ActiveCfg = Debug|x64
		{4348D52B-AFFA-4CAE-ABD6-629DFE74F707}.Debug|x64.Build.0 = Debug|x64
		{4348D52B-AFFA-4CAE-ABD6-629DFE74F707}.Debug|x86.ActiveCfg = Debug|Win32
		{4348D52B-AFFA-4CAE-ABD6-629DFE74F707}.Debug|x86.Build.0 = Debug|Win32
		{4348D52B-AFFA-4CAE-ABD6-629DFE74F707}.Release|x64.ActiveCfg = Release|x64
		{4348D52B-AFFA-4CAE-ABD6-629DFE74F707}.Release|x64.Build.0 = Release|x64
		{4348D52B-AFFA-4CAE-ABD6-629DFE74F707}.Release|x86.ActiveCfg = Release|Win32
		{4348D52B-AFFA-4CAE-ABD6-629DFE74F707}.Release|x86.Build.0 = Release|Win32
		{89D756B0-B7F8-42D0-BC96-3D1193AF87DD}.Debug|x64.ActiveCfg = Debug|x64
		{89D756B0-B7F8-42D0-BC96-3D1193AF87DD}.Debug|x64.Build.0 = Debug|x64
		{89D756B0-B7F8-42D0-BC96-3D1193AF87DD}.Debug|x86.ActiveCfg = Debug|Win32
		{89D756B0-B7F8-42D0-BC96-3D1193AF87DD}.Debug|x86.Build.0 = Debug|Win32
		{89D756B0-B7F8-42D0-BC96-3D1193AF87DD}.Release|x64.ActiveCfg = Release|x64
		{89D756B0-B7F8-42D0-BC96-3D1193AF87DD}.Release|x64.Build.0 = Release|x64
		{89D756B0-B7F8-42D0-BC96-3D1193AF87DD}.Release|x86.ActiveCfg = Release|Win32
		{89D756B0-B7F8-42D0-BC96-3D1193AF87DD}.Release|x86.Build.0 = Release|Win32
		{60E45867-B09F-4F7D-982D-4A86C6466D46}.Debug|x64.ActiveCfg = Debug|x64
		{60E45867-B09F-4F7D-982D-4A86C6466D46}.Debug|x64.Build.0 = Debug|x64
		{60E45867-B09F-4F7D-982D-4A86C6466D46}.Debug|x86.ActiveCfg = Debug|Win32
		{60E45867-B09F-4F7D-982D-4A86C6466D46}.Debug|x86.Build.0 = Debug|Win32
		{60E45867-B09F-4F7D-982D-4A86C6466D46}.Release|x64.ActiveCfg = Release|x64
		{60E45867-B09F-4F7D-982D-4A86C6466D46}.Release|x64.Build.0 = Release|x64
		{60E45867-B09F-4F7D-982D-4A86C6466D46}.Release|x86.ActiveCfg = Release|Win32
		{60E45867-B09F-4F7D-982D-4A86C6466D46}.Release|x86.Build.0 = Release|Win32
		{EEAA03CB-5A42-4210-85B5-FDCE3D88BA70}.Debug|x64.ActiveCfg = Debug|x64
		{EEAA03CB-5A42-4210-85B5-FDCE3D88BA70}.Debug|x64.Build.0 = Debug|x64
		{EEAA03CB-5A42-4210-85B5-FDCE3D88BA70}.Debug|x86.ActiveCfg = Debug|Win32
		{EEAA03CB-5A42-4210-85B5-FDCE3D88BA70}.Debug|x86.Build.0 = Debug|Win32
		{EEAA03CB-5A42-4210-85B5-FDCE3D88BA70}.Release|x64.ActiveCfg = Release|x64
		{EEAA03CB-5A42-4210-85B5-FDCE3D88BA70}.Release|x64.Build.0 = Release|x64
		{EEAA03CB-5A42-4210-85B5-FDCE3D88BA70}.Release|x86.ActiveCfg = Release|Win32
		{EEAA03CB-5A42-4210-85B5-FDCE3D88BA70}.Release|x86.Build.0 = Release|Win32
	EndGlobalSection
	GlobalSection(SolutionProperties) = preSolution
		HideSolutionNode = FALSE
	EndGlobalSection
	GlobalSection(NestedProjects) = preSolution
		{8D07E041-A1A1-4734-B6B3-0DD9829FBE44} = {7A074D20-54E7-4525-87D1-EEF5F8BCD033}
		{4348D52B-AFFA-4CAE-ABD6-629DFE74F707} = {D61F3BD9-BF13-46F2-AC53-A30397F055F4}
		{60E45867-B09F-4F7D-982D-4A86C6466D46} = {3994829D-284B-4189-9B3C-012BFB84A224}
		{EEAA03CB-5A42-4210-85B5-FDCE3D88BA70} = {D61F3BD9-BF13-46F2-AC53-A30397F055F4}
	EndGlobalSection
EndGlobal
